// !$*UTF8*$!
{
	archiveVersion = 1;
	classes = {
	};
	objectVersion = 48;
	objects = {

/* Begin PBXBuildFile section */
		40580A6C200D37CF00F0FA36 /* AppDelegate.swift in Sources */ = {isa = PBXBuildFile; fileRef = 40580A6B200D37CF00F0FA36 /* AppDelegate.swift */; };
		40580A6E200D37CF00F0FA36 /* ViewController.swift in Sources */ = {isa = PBXBuildFile; fileRef = 40580A6D200D37CF00F0FA36 /* ViewController.swift */; };
		40580A71200D37CF00F0FA36 /* Main.storyboard in Resources */ = {isa = PBXBuildFile; fileRef = 40580A6F200D37CF00F0FA36 /* Main.storyboard */; };
		40580A73200D37CF00F0FA36 /* Assets.xcassets in Resources */ = {isa = PBXBuildFile; fileRef = 40580A72200D37CF00F0FA36 /* Assets.xcassets */; };
		40580A76200D37CF00F0FA36 /* LaunchScreen.storyboard in Resources */ = {isa = PBXBuildFile; fileRef = 40580A74200D37CF00F0FA36 /* LaunchScreen.storyboard */; };
		F05582C4C3748A00F9904815 /* Pods_Social_Logins_iOS.framework in Frameworks */ = {isa = PBXBuildFile; fileRef = 6F2CB769F8B3F41EE7CD7E86 /* Pods_Social_Logins_iOS.framework */; };
/* End PBXBuildFile section */

/* Begin PBXFileReference section */
		09FD81D423B281941732274F /* Pods-Social Logins iOS.debug.xcconfig */ = {isa = PBXFileReference; includeInIndex = 1; lastKnownFileType = text.xcconfig; name = "Pods-Social Logins iOS.debug.xcconfig"; path = "Pods/Target Support Files/Pods-Social Logins iOS/Pods-Social Logins iOS.debug.xcconfig"; sourceTree = "<group>"; };
		34124BD9A1E6574909FB6856 /* Pods-Social Logins iOS.release.xcconfig */ = {isa = PBXFileReference; includeInIndex = 1; lastKnownFileType = text.xcconfig; name = "Pods-Social Logins iOS.release.xcconfig"; path = "Pods/Target Support Files/Pods-Social Logins iOS/Pods-Social Logins iOS.release.xcconfig"; sourceTree = "<group>"; };
		40580A68200D37CE00F0FA36 /* Social Logins iOS.app */ = {isa = PBXFileReference; explicitFileType = wrapper.application; includeInIndex = 0; path = "Social Logins iOS.app"; sourceTree = BUILT_PRODUCTS_DIR; };
		40580A6B200D37CF00F0FA36 /* AppDelegate.swift */ = {isa = PBXFileReference; lastKnownFileType = sourcecode.swift; path = AppDelegate.swift; sourceTree = "<group>"; };
		40580A6D200D37CF00F0FA36 /* ViewController.swift */ = {isa = PBXFileReference; lastKnownFileType = sourcecode.swift; path = ViewController.swift; sourceTree = "<group>"; };
		40580A70200D37CF00F0FA36 /* Base */ = {isa = PBXFileReference; lastKnownFileType = file.storyboard; name = Base; path = Base.lproj/Main.storyboard; sourceTree = "<group>"; };
		40580A72200D37CF00F0FA36 /* Assets.xcassets */ = {isa = PBXFileReference; lastKnownFileType = folder.assetcatalog; path = Assets.xcassets; sourceTree = "<group>"; };
		40580A75200D37CF00F0FA36 /* Base */ = {isa = PBXFileReference; lastKnownFileType = file.storyboard; name = Base; path = Base.lproj/LaunchScreen.storyboard; sourceTree = "<group>"; };
		40580A77200D37CF00F0FA36 /* Info.plist */ = {isa = PBXFileReference; lastKnownFileType = text.plist.xml; path = Info.plist; sourceTree = "<group>"; };
		6F2CB769F8B3F41EE7CD7E86 /* Pods_Social_Logins_iOS.framework */ = {isa = PBXFileReference; explicitFileType = wrapper.framework; includeInIndex = 0; path = Pods_Social_Logins_iOS.framework; sourceTree = BUILT_PRODUCTS_DIR; };
/* End PBXFileReference section */

/* Begin PBXFrameworksBuildPhase section */
		40580A65200D37CE00F0FA36 /* Frameworks */ = {
			isa = PBXFrameworksBuildPhase;
			buildActionMask = 2147483647;
			files = (
				F05582C4C3748A00F9904815 /* Pods_Social_Logins_iOS.framework in Frameworks */,
			);
			runOnlyForDeploymentPostprocessing = 0;
		};
/* End PBXFrameworksBuildPhase section */

/* Begin PBXGroup section */
		1EF03FB8A0A2AA70F3AF01EE /* Pods */ = {
			isa = PBXGroup;
			children = (
				09FD81D423B281941732274F /* Pods-Social Logins iOS.debug.xcconfig */,
				34124BD9A1E6574909FB6856 /* Pods-Social Logins iOS.release.xcconfig */,
			);
			name = Pods;
			sourceTree = "<group>";
		};
		40580A5F200D37CE00F0FA36 = {
			isa = PBXGroup;
			children = (
				40580A6A200D37CE00F0FA36 /* Social Logins iOS */,
				40580A69200D37CE00F0FA36 /* Products */,
				1EF03FB8A0A2AA70F3AF01EE /* Pods */,
				BCB6FF501AE0606ADB69AF58 /* Frameworks */,
			);
			sourceTree = "<group>";
		};
		40580A69200D37CE00F0FA36 /* Products */ = {
			isa = PBXGroup;
			children = (
				40580A68200D37CE00F0FA36 /* Social Logins iOS.app */,
			);
			name = Products;
			sourceTree = "<group>";
		};
		40580A6A200D37CE00F0FA36 /* Social Logins iOS */ = {
			isa = PBXGroup;
			children = (
				40580A6B200D37CF00F0FA36 /* AppDelegate.swift */,
				40580A6D200D37CF00F0FA36 /* ViewController.swift */,
				40580A6F200D37CF00F0FA36 /* Main.storyboard */,
				40580A72200D37CF00F0FA36 /* Assets.xcassets */,
				40580A74200D37CF00F0FA36 /* LaunchScreen.storyboard */,
				40580A77200D37CF00F0FA36 /* Info.plist */,
			);
			path = "Social Logins iOS";
			sourceTree = "<group>";
		};
		BCB6FF501AE0606ADB69AF58 /* Frameworks */ = {
			isa = PBXGroup;
			children = (
				6F2CB769F8B3F41EE7CD7E86 /* Pods_Social_Logins_iOS.framework */,
			);
			name = Frameworks;
			sourceTree = "<group>";
		};
/* End PBXGroup section */

/* Begin PBXNativeTarget section */
		40580A67200D37CE00F0FA36 /* Social Logins iOS */ = {
			isa = PBXNativeTarget;
			buildConfigurationList = 40580A7A200D37CF00F0FA36 /* Build configuration list for PBXNativeTarget "Social Logins iOS" */;
			buildPhases = (
				7E6CEAD5CCE3B11C79F45A65 /* [CP] Check Pods Manifest.lock */,
				40580A64200D37CE00F0FA36 /* Sources */,
				40580A65200D37CE00F0FA36 /* Frameworks */,
				40580A66200D37CE00F0FA36 /* Resources */,
				61B6EDAD51E5B569B8E491F8 /* [CP] Embed Pods Frameworks */,
				028D7459056481D65FA45CED /* [CP] Copy Pods Resources */,
			);
			buildRules = (
			);
			dependencies = (
			);
			name = "Social Logins iOS";
			productName = "Social Logins iOS";
			productReference = 40580A68200D37CE00F0FA36 /* Social Logins iOS.app */;
			productType = "com.apple.product-type.application";
		};
/* End PBXNativeTarget section */

/* Begin PBXProject section */
		40580A60200D37CE00F0FA36 /* Project object */ = {
			isa = PBXProject;
			attributes = {
				LastSwiftUpdateCheck = 0920;
				LastUpgradeCheck = 0920;
				ORGANIZATIONNAME = "Jogendra Singh";
				TargetAttributes = {
					40580A67200D37CE00F0FA36 = {
						CreatedOnToolsVersion = 9.2;
						ProvisioningStyle = Automatic;
					};
				};
			};
			buildConfigurationList = 40580A63200D37CE00F0FA36 /* Build configuration list for PBXProject "Social Logins iOS" */;
			compatibilityVersion = "Xcode 8.0";
			developmentRegion = en;
			hasScannedForEncodings = 0;
			knownRegions = (
				en,
				Base,
			);
			mainGroup = 40580A5F200D37CE00F0FA36;
			productRefGroup = 40580A69200D37CE00F0FA36 /* Products */;
			projectDirPath = "";
			projectRoot = "";
			targets = (
				40580A67200D37CE00F0FA36 /* Social Logins iOS */,
			);
		};
/* End PBXProject section */

/* Begin PBXResourcesBuildPhase section */
		40580A66200D37CE00F0FA36 /* Resources */ = {
			isa = PBXResourcesBuildPhase;
			buildActionMask = 2147483647;
			files = (
				40580A76200D37CF00F0FA36 /* LaunchScreen.storyboard in Resources */,
				40580A73200D37CF00F0FA36 /* Assets.xcassets in Resources */,
				40580A71200D37CF00F0FA36 /* Main.storyboard in Resources */,
			);
			runOnlyForDeploymentPostprocessing = 0;
		};
/* End PBXResourcesBuildPhase section */

/* Begin PBXShellScriptBuildPhase section */
		028D7459056481D65FA45CED /* [CP] Copy Pods Resources */ = {
			isa = PBXShellScriptBuildPhase;
			buildActionMask = 2147483647;
			files = (
			);
			inputPaths = (
			);
			name = "[CP] Copy Pods Resources";
			outputPaths = (
			);
			runOnlyForDeploymentPostprocessing = 0;
			shellPath = /bin/sh;
			shellScript = "\"${SRCROOT}/Pods/Target Support Files/Pods-Social Logins iOS/Pods-Social Logins iOS-resources.sh\"\n";
			showEnvVarsInLog = 0;
		};
		61B6EDAD51E5B569B8E491F8 /* [CP] Embed Pods Frameworks */ = {
			isa = PBXShellScriptBuildPhase;
			buildActionMask = 2147483647;
			files = (
			);
			inputPaths = (
				"${SRCROOT}/Pods/Target Support Files/Pods-Social Logins iOS/Pods-Social Logins iOS-frameworks.sh",
				"${BUILT_PRODUCTS_DIR}/Bolts/Bolts.framework",
				"${BUILT_PRODUCTS_DIR}/FBSDKCoreKit/FBSDKCoreKit.framework",
				"${BUILT_PRODUCTS_DIR}/FBSDKLoginKit/FBSDKLoginKit.framework",
				"${BUILT_PRODUCTS_DIR}/FBSDKShareKit/FBSDKShareKit.framework",
				"${BUILT_PRODUCTS_DIR}/FacebookCore/FacebookCore.framework",
				"${BUILT_PRODUCTS_DIR}/FacebookLogin/FacebookLogin.framework",
				"${BUILT_PRODUCTS_DIR}/FacebookShare/FacebookShare.framework",
			);
			name = "[CP] Embed Pods Frameworks";
			outputPaths = (
				"${TARGET_BUILD_DIR}/${FRAMEWORKS_FOLDER_PATH}/Bolts.framework",
				"${TARGET_BUILD_DIR}/${FRAMEWORKS_FOLDER_PATH}/FBSDKCoreKit.framework",
				"${TARGET_BUILD_DIR}/${FRAMEWORKS_FOLDER_PATH}/FBSDKLoginKit.framework",
				"${TARGET_BUILD_DIR}/${FRAMEWORKS_FOLDER_PATH}/FBSDKShareKit.framework",
				"${TARGET_BUILD_DIR}/${FRAMEWORKS_FOLDER_PATH}/FacebookCore.framework",
				"${TARGET_BUILD_DIR}/${FRAMEWORKS_FOLDER_PATH}/FacebookLogin.framework",
				"${TARGET_BUILD_DIR}/${FRAMEWORKS_FOLDER_PATH}/FacebookShare.framework",
			);
			runOnlyForDeploymentPostprocessing = 0;
			shellPath = /bin/sh;
			shellScript = "\"${SRCROOT}/Pods/Target Support Files/Pods-Social Logins iOS/Pods-Social Logins iOS-frameworks.sh\"\n";
			showEnvVarsInLog = 0;
		};
		7E6CEAD5CCE3B11C79F45A65 /* [CP] Check Pods Manifest.lock */ = {
			isa = PBXShellScriptBuildPhase;
			buildActionMask = 2147483647;
			files = (
			);
			inputPaths = (
				"${PODS_PODFILE_DIR_PATH}/Podfile.lock",
				"${PODS_ROOT}/Manifest.lock",
			);
			name = "[CP] Check Pods Manifest.lock";
			outputPaths = (
				"$(DERIVED_FILE_DIR)/Pods-Social Logins iOS-checkManifestLockResult.txt",
			);
			runOnlyForDeploymentPostprocessing = 0;
			shellPath = /bin/sh;
			shellScript = "diff \"${PODS_PODFILE_DIR_PATH}/Podfile.lock\" \"${PODS_ROOT}/Manifest.lock\" > /dev/null\nif [ $? != 0 ] ; then\n    # print error to STDERR\n    echo \"error: The sandbox is not in sync with the Podfile.lock. Run 'pod install' or update your CocoaPods installation.\" >&2\n    exit 1\nfi\n# This output is used by Xcode 'outputs' to avoid re-running this script phase.\necho \"SUCCESS\" > \"${SCRIPT_OUTPUT_FILE_0}\"\n";
			showEnvVarsInLog = 0;
		};
/* End PBXShellScriptBuildPhase section */

/* Begin PBXSourcesBuildPhase section */
		40580A64200D37CE00F0FA36 /* Sources */ = {
			isa = PBXSourcesBuildPhase;
			buildActionMask = 2147483647;
			files = (
				40580A6E200D37CF00F0FA36 /* ViewController.swift in Sources */,
				40580A6C200D37CF00F0FA36 /* AppDelegate.swift in Sources */,
			);
			runOnlyForDeploymentPostprocessing = 0;
		};
/* End PBXSourcesBuildPhase section */

/* Begin PBXVariantGroup section */
		40580A6F200D37CF00F0FA36 /* Main.storyboard */ = {
			isa = PBXVariantGroup;
			children = (
				40580A70200D37CF00F0FA36 /* Base */,
			);
			name = Main.storyboard;
			sourceTree = "<group>";
		};
		40580A74200D37CF00F0FA36 /* LaunchScreen.storyboard */ = {
			isa = PBXVariantGroup;
			children = (
				40580A75200D37CF00F0FA36 /* Base */,
			);
			name = LaunchScreen.storyboard;
			sourceTree = "<group>";
		};
/* End PBXVariantGroup section */

/* Begin XCBuildConfiguration section */
		40580A78200D37CF00F0FA36 /* Debug */ = {
			isa = XCBuildConfiguration;
			buildSettings = {
				ALWAYS_SEARCH_USER_PATHS = NO;
				CLANG_ANALYZER_NONNULL = YES;
				CLANG_ANALYZER_NUMBER_OBJECT_CONVERSION = YES_AGGRESSIVE;
				CLANG_CXX_LANGUAGE_STANDARD = "gnu++14";
				CLANG_CXX_LIBRARY = "libc++";
				CLANG_ENABLE_MODULES = YES;
				CLANG_ENABLE_OBJC_ARC = YES;
				CLANG_WARN_BLOCK_CAPTURE_AUTORELEASING = YES;
				CLANG_WARN_BOOL_CONVERSION = YES;
				CLANG_WARN_COMMA = YES;
				CLANG_WARN_CONSTANT_CONVERSION = YES;
				CLANG_WARN_DIRECT_OBJC_ISA_USAGE = YES_ERROR;
				CLANG_WARN_DOCUMENTATION_COMMENTS = YES;
				CLANG_WARN_EMPTY_BODY = YES;
				CLANG_WARN_ENUM_CONVERSION = YES;
				CLANG_WARN_INFINITE_RECURSION = YES;
				CLANG_WARN_INT_CONVERSION = YES;
				CLANG_WARN_NON_LITERAL_NULL_CONVERSION = YES;
				CLANG_WARN_OBJC_LITERAL_CONVERSION = YES;
				CLANG_WARN_OBJC_ROOT_CLASS = YES_ERROR;
				CLANG_WARN_RANGE_LOOP_ANALYSIS = YES;
				CLANG_WARN_STRICT_PROTOTYPES = YES;
				CLANG_WARN_SUSPICIOUS_MOVE = YES;
				CLANG_WARN_UNGUARDED_AVAILABILITY = YES_AGGRESSIVE;
				CLANG_WARN_UNREACHABLE_CODE = YES;
				CLANG_WARN__DUPLICATE_METHOD_MATCH = YES;
				CODE_SIGN_IDENTITY = "iPhone Developer";
				COPY_PHASE_STRIP = NO;
				DEBUG_INFORMATION_FORMAT = dwarf;
				ENABLE_STRICT_OBJC_MSGSEND = YES;
				ENABLE_TESTABILITY = YES;
				GCC_C_LANGUAGE_STANDARD = gnu11;
				GCC_DYNAMIC_NO_PIC = NO;
				GCC_NO_COMMON_BLOCKS = YES;
				GCC_OPTIMIZATION_LEVEL = 0;
				GCC_PREPROCESSOR_DEFINITIONS = (
					"DEBUG=1",
					"$(inherited)",
				);
				GCC_WARN_64_TO_32_BIT_CONVERSION = YES;
				GCC_WARN_ABOUT_RETURN_TYPE = YES_ERROR;
				GCC_WARN_UNDECLARED_SELECTOR = YES;
				GCC_WARN_UNINITIALIZED_AUTOS = YES_AGGRESSIVE;
				GCC_WARN_UNUSED_FUNCTION = YES;
				GCC_WARN_UNUSED_VARIABLE = YES;
				IPHONEOS_DEPLOYMENT_TARGET = 11.2;
				MTL_ENABLE_DEBUG_INFO = YES;
				ONLY_ACTIVE_ARCH = YES;
				SDKROOT = iphoneos;
				SWIFT_ACTIVE_COMPILATION_CONDITIONS = DEBUG;
				SWIFT_OPTIMIZATION_LEVEL = "-Onone";
			};
			name = Debug;
		};
		40580A79200D37CF00F0FA36 /* Release */ = {
			isa = XCBuildConfiguration;
			buildSettings = {
				ALWAYS_SEARCH_USER_PATHS = NO;
				CLANG_ANALYZER_NONNULL = YES;
				CLANG_ANALYZER_NUMBER_OBJECT_CONVERSION = YES_AGGRESSIVE;
				CLANG_CXX_LANGUAGE_STANDARD = "gnu++14";
				CLANG_CXX_LIBRARY = "libc++";
				CLANG_ENABLE_MODULES = YES;
				CLANG_ENABLE_OBJC_ARC = YES;
				CLANG_WARN_BLOCK_CAPTURE_AUTORELEASING = YES;
				CLANG_WARN_BOOL_CONVERSION = YES;
				CLANG_WARN_COMMA = YES;
				CLANG_WARN_CONSTANT_CONVERSION = YES;
				CLANG_WARN_DIRECT_OBJC_ISA_USAGE = YES_ERROR;
				CLANG_WARN_DOCUMENTATION_COMMENTS = YES;
				CLANG_WARN_EMPTY_BODY = YES;
				CLANG_WARN_ENUM_CONVERSION = YES;
				CLANG_WARN_INFINITE_RECURSION = YES;
				CLANG_WARN_INT_CONVERSION = YES;
				CLANG_WARN_NON_LITERAL_NULL_CONVERSION = YES;
				CLANG_WARN_OBJC_LITERAL_CONVERSION = YES;
				CLANG_WARN_OBJC_ROOT_CLASS = YES_ERROR;
				CLANG_WARN_RANGE_LOOP_ANALYSIS = YES;
				CLANG_WARN_STRICT_PROTOTYPES = YES;
				CLANG_WARN_SUSPICIOUS_MOVE = YES;
				CLANG_WARN_UNGUARDED_AVAILABILITY = YES_AGGRESSIVE;
				CLANG_WARN_UNREACHABLE_CODE = YES;
				CLANG_WARN__DUPLICATE_METHOD_MATCH = YES;
				CODE_SIGN_IDENTITY = "iPhone Developer";
				COPY_PHASE_STRIP = NO;
				DEBUG_INFORMATION_FORMAT = "dwarf-with-dsym";
				ENABLE_NS_ASSERTIONS = NO;
				ENABLE_STRICT_OBJC_MSGSEND = YES;
				GCC_C_LANGUAGE_STANDARD = gnu11;
				GCC_NO_COMMON_BLOCKS = YES;
				GCC_WARN_64_TO_32_BIT_CONVERSION = YES;
				GCC_WARN_ABOUT_RETURN_TYPE = YES_ERROR;
				GCC_WARN_UNDECLARED_SELECTOR = YES;
				GCC_WARN_UNINITIALIZED_AUTOS = YES_AGGRESSIVE;
				GCC_WARN_UNUSED_FUNCTION = YES;
				GCC_WARN_UNUSED_VARIABLE = YES;
				IPHONEOS_DEPLOYMENT_TARGET = 11.2;
				MTL_ENABLE_DEBUG_INFO = NO;
				SDKROOT = iphoneos;
				SWIFT_OPTIMIZATION_LEVEL = "-Owholemodule";
				VALIDATE_PRODUCT = YES;
			};
			name = Release;
		};
		40580A7B200D37CF00F0FA36 /* Debug */ = {
			isa = XCBuildConfiguration;
			baseConfigurationReference = 09FD81D423B281941732274F /* Pods-Social Logins iOS.debug.xcconfig */;
			buildSettings = {
				ASSETCATALOG_COMPILER_APPICON_NAME = AppIcon;
				CODE_SIGN_STYLE = Automatic;
				DEVELOPMENT_TEAM = 7P4K4M8A4Q;
				INFOPLIST_FILE = "Social Logins iOS/Info.plist";
				LD_RUNPATH_SEARCH_PATHS = "$(inherited) @executable_path/Frameworks";
				PRODUCT_BUNDLE_IDENTIFIER = "jog.Social-Logins-iOS";
				PRODUCT_NAME = "$(TARGET_NAME)";
				SWIFT_VERSION = 4.0;
				TARGETED_DEVICE_FAMILY = "1,2";
			};
			name = Debug;
		};
		40580A7C200D37CF00F0FA36 /* Release */ = {
			isa = XCBuildConfiguration;
			baseConfigurationReference = 34124BD9A1E6574909FB6856 /* Pods-Social Logins iOS.release.xcconfig */;
			buildSettings = {
				ASSETCATALOG_COMPILER_APPICON_NAME = AppIcon;
				CODE_SIGN_STYLE = Automatic;
				DEVELOPMENT_TEAM = 7P4K4M8A4Q;
				INFOPLIST_FILE = "Social Logins iOS/Info.plist";
				LD_RUNPATH_SEARCH_PATHS = "$(inherited) @executable_path/Frameworks";
				PRODUCT_BUNDLE_IDENTIFIER = "jog.Social-Logins-iOS";
				PRODUCT_NAME = "$(TARGET_NAME)";
				SWIFT_VERSION = 4.0;
				TARGETED_DEVICE_FAMILY = "1,2";
			};
			name = Release;
		};
/* End XCBuildConfiguration section */

/* Begin XCConfigurationList section */
		40580A63200D37CE00F0FA36 /* Build configuration list for PBXProject "Social Logins iOS" */ = {
			isa = XCConfigurationList;
			buildConfigurations = (
				40580A78200D37CF00F0FA36 /* Debug */,
				40580A79200D37CF00F0FA36 /* Release */,
			);
			defaultConfigurationIsVisible = 0;
			defaultConfigurationName = Release;
		};
		40580A7A200D37CF00F0FA36 /* Build configuration list for PBXNativeTarget "Social Logins iOS" */ = {
			isa = XCConfigurationList;
			buildConfigurations = (
				40580A7B200D37CF00F0FA36 /* Debug */,
				40580A7C200D37CF00F0FA36 /* Release */,
			);
			defaultConfigurationIsVisible = 0;
			defaultConfigurationName = Release;
		};
/* End XCConfigurationList section */
	};
	rootObject = 40580A60200D37CE00F0FA36 /* Project object */;
}
